
Microsoft Visual Studio Solution File, Format Version 12.00
# Visual Studio Version 17
VisualStudioVersion = 17.5.33627.172
MinimumVisualStudioVersion = 10.0.40219.1
Project("{9A19103F-16F7-4668-BE54-9A1E7A4F7556}") = "Group3_Hw6", "Group3_Hw5\Group3_Hw6.csproj", "{8ACC31EE-0205-4D9F-893A-C3C248387E24}"
EndProject
Global
	GlobalSection(SolutionConfigurationPlatforms) = preSolution
		Debug|Any CPU = Debug|Any CPU
		Release|Any CPU = Release|Any CPU
	EndGlobalSection
	GlobalSection(ProjectConfigurationPlatforms) = postSolution
		{8ACC31EE-0205-4D9F-893A-C3C248387E24}.Debug|Any CPU.ActiveCfg = Debug|Any CPU
		{8ACC31EE-0205-4D9F-893A-C3C248387E24}.Debug|Any CPU.Build.0 = Debug|Any CPU
		{8ACC31EE-0205-4D9F-893A-C3C248387E24}.Release|Any CPU.ActiveCfg = Release|Any CPU
		{8ACC31EE-0205-4D9F-893A-C3C248387E24}.Release|Any CPU.Build.0 = Release|Any CPU
	EndGlobalSection
	GlobalSection(SolutionProperties) = preSolution
		HideSolutionNode = FALSE
	EndGlobalSection
	GlobalSection(ExtensibilityGlobals) = postSolution
		SolutionGuid = {3CF4BFD7-C1C4-44B0-A7B0-49777BA81CD3}
	EndGlobalSection
EndGlobal
